hash: d3bb6d0d1a7aa72cc5594b13998fed1c7d0e755c30f7d00843d78c8a65cd1964
updated: 2017-04-12T21:42:21.269502247+03:00
imports:
- name: github.com/andybalholm/cascadia
  version: 349dd0209470eabd9514242c688c403c0926d266
- name: github.com/PuerkitoBio/goquery
  version: e1271ee34c6a305e38566ecd27ae374944907ee9
- name: golang.org/x/net
  version: ffcf1bedda3b04ebb15a168a59800a73d6dc0f4d
  subpackages:
  - html
  - html/atom
- name: gopkg.in/check.v1
  version: 20d25e2804050c1cd24a7eea1e7a6447dd0e74ec
testImports: []
